
Microsoft Visual Studio Solution File, Format Version 12.00
# Visual Studio 15
VisualStudioVersion = 15.0.28307.960
MinimumVisualStudioVersion = 10.0.40219.1
Project("{FAE04EC0-301F-11D3-BF4B-00C04F79EFBC}") = "BugOS.Android", "BugOS\BugOS.Android\BugOS.Android.csproj", "{24CE3C36-16B9-426D-AA0C-5961ECF8D88C}"
EndProject
Project("{FAE04EC0-301F-11D3-BF4B-00C04F79EFBC}") = "BugOS.iOS", "BugOS\BugOS.iOS\BugOS.iOS.csproj", "{D3EDF4DB-E70C-47B9-92F9-866719DC80ED}"
EndProject
Project("{FAE04EC0-301F-11D3-BF4B-00C04F79EFBC}") = "BugOS.UWP", "BugOS\BugOS.UWP\BugOS.UWP.csproj", "{DD174755-968B-46B6-84DB-E8E1BF6E9911}"
EndProject
Project("{9A19103F-16F7-4668-BE54-9A1E7A4F7556}") = "BugOS", "BugOS\BugOS\BugOS.csproj", "{16F5DA39-B6E0-4573-AA10-88498076CED5}"
EndProject
Global
	GlobalSection(SolutionConfigurationPlatforms) = preSolution
		Debug|Any CPU = Debug|Any CPU
		Debug|ARM = Debug|ARM
		Debug|iPhone = Debug|iPhone
		Debug|iPhoneSimulator = Debug|iPhoneSimulator
		Debug|x64 = Debug|x64
		Debug|x86 = Debug|x86
		Release|Any CPU = Release|Any CPU
		Release|ARM = Release|ARM
		Release|iPhone = Release|iPhone
		Release|iPhoneSimulator = Release|iPhoneSimulator
		Release|x64 = Release|x64
		Release|x86 = Release|x86
		ReleaseUWP|Any CPU = ReleaseUWP|Any CPU
		ReleaseUWP|ARM = ReleaseUWP|ARM
		ReleaseUWP|iPhone = ReleaseUWP|iPhone
		ReleaseUWP|iPhoneSimulator = ReleaseUWP|iPhoneSimulator
		ReleaseUWP|x64 = ReleaseUWP|x64
		ReleaseUWP|x86 = ReleaseUWP|x86
	EndGlobalSection
	GlobalSection(ProjectConfigurationPlatforms) = postSolution
		{24CE3C36-16B9-426D-AA0C-5961ECF8D88C}.Debug|Any CPU.ActiveCfg = Debug|Any CPU
		{24CE3C36-16B9-426D-AA0C-5961ECF8D88C}.Debug|Any CPU.Build.0 = Debug|Any CPU
		{24CE3C36-16B9-426D-AA0C-5961ECF8D88C}.Debug|Any CPU.Deploy.0 = Debug|Any CPU
		{24CE3C36-16B9-426D-AA0C-5961ECF8D88C}.Debug|ARM.ActiveCfg = Debug|Any CPU
		{24CE3C36-16B9-426D-AA0C-5961ECF8D88C}.Debug|ARM.Build.0 = Debug|Any CPU
		{24CE3C36-16B9-426D-AA0C-5961ECF8D88C}.Debug|ARM.Deploy.0 = Debug|Any CPU
		{24CE3C36-16B9-426D-AA0C-5961ECF8D88C}.Debug|iPhone.ActiveCfg = Debug|Any CPU
		{24CE3C36-16B9-426D-AA0C-5961ECF8D88C}.Debug|iPhone.Build.0 = Debug|Any CPU
		{24CE3C36-16B9-426D-AA0C-5961ECF8D88C}.Debug|iPhone.Deploy.0 = Debug|Any CPU
		{24CE3C36-16B9-426D-AA0C-5961ECF8D88C}.Debug|iPhoneSimulator.ActiveCfg = Debug|Any CPU
		{24CE3C36-16B9-426D-AA0C-5961ECF8D88C}.Debug|iPhoneSimulator.Build.0 = Debug|Any CPU
		{24CE3C36-16B9-426D-AA0C-5961ECF8D88C}.Debug|iPhoneSimulator.Deploy.0 = Debug|Any CPU
		{24CE3C36-16B9-426D-AA0C-5961ECF8D88C}.Debug|x64.ActiveCfg = Debug|Any CPU
		{24CE3C36-16B9-426D-AA0C-5961ECF8D88C}.Debug|x64.Build.0 = Debug|Any CPU
		{24CE3C36-16B9-426D-AA0C-5961ECF8D88C}.Debug|x64.Deploy.0 = Debug|Any CPU
		{24CE3C36-16B9-426D-AA0C-5961ECF8D88C}.Debug|x86.ActiveCfg = Debug|Any CPU
		{24CE3C36-16B9-426D-AA0C-5961ECF8D88C}.Debug|x86.Build.0 = Debug|Any CPU
		{24CE3C36-16B9-426D-AA0C-5961ECF8D88C}.Debug|x86.Deploy.0 = Debug|Any CPU
		{24CE3C36-16B9-426D-AA0C-5961ECF8D88C}.Release|Any CPU.ActiveCfg = Release|Any CPU
		{24CE3C36-16B9-426D-AA0C-5961ECF8D88C}.Release|Any CPU.Build.0 = Release|Any CPU
		{24CE3C36-16B9-426D-AA0C-5961ECF8D88C}.Release|Any CPU.Deploy.0 = Release|Any CPU
		{24CE3C36-16B9-426D-AA0C-5961ECF8D88C}.Release|ARM.ActiveCfg = Release|Any CPU
		{24CE3C36-16B9-426D-AA0C-5961ECF8D88C}.Release|ARM.Build.0 = Release|Any CPU
		{24CE3C36-16B9-426D-AA0C-5961ECF8D88C}.Release|ARM.Deploy.0 = Release|Any CPU
		{24CE3C36-16B9-426D-AA0C-5961ECF8D88C}.Release|iPhone.ActiveCfg = Release|Any CPU
		{24CE3C36-16B9-426D-AA0C-5961ECF8D88C}.Release|iPhone.Build.0 = Release|Any CPU
		{24CE3C36-16B9-426D-AA0C-5961ECF8D88C}.Release|iPhone.Deploy.0 = Release|Any CPU
		{24CE3C36-16B9-426D-AA0C-5961ECF8D88C}.Release|iPhoneSimulator.ActiveCfg = Release|Any CPU
		{24CE3C36-16B9-426D-AA0C-5961ECF8D88C}.Release|iPhoneSimulator.Build.0 = Release|Any CPU
		{24CE3C36-16B9-426D-AA0C-5961ECF8D88C}.Release|iPhoneSimulator.Deploy.0 = Release|Any CPU
		{24CE3C36-16B9-426D-AA0C-5961ECF8D88C}.Release|x64.ActiveCfg = Release|Any CPU
		{24CE3C36-16B9-426D-AA0C-5961ECF8D88C}.Release|x64.Build.0 = Release|Any CPU
		{24CE3C36-16B9-426D-AA0C-5961ECF8D88C}.Release|x64.Deploy.0 = Release|Any CPU
		{24CE3C36-16B9-426D-AA0C-5961ECF8D88C}.Release|x86.ActiveCfg = Release|Any CPU
		{24CE3C36-16B9-426D-AA0C-5961ECF8D88C}.Release|x86.Build.0 = Release|Any CPU
		{24CE3C36-16B9-426D-AA0C-5961ECF8D88C}.Release|x86.Deploy.0 = Release|Any CPU
		{24CE3C36-16B9-426D-AA0C-5961ECF8D88C}.ReleaseUWP|Any CPU.ActiveCfg = Release|Any CPU
		{24CE3C36-16B9-426D-AA0C-5961ECF8D88C}.ReleaseUWP|Any CPU.Build.0 = Release|Any CPU
		{24CE3C36-16B9-426D-AA0C-5961ECF8D88C}.ReleaseUWP|Any CPU.Deploy.0 = Release|Any CPU
		{24CE3C36-16B9-426D-AA0C-5961ECF8D88C}.ReleaseUWP|ARM.ActiveCfg = Release|Any CPU
		{24CE3C36-16B9-426D-AA0C-5961ECF8D88C}.ReleaseUWP|ARM.Build.0 = Release|Any CPU
		{24CE3C36-16B9-426D-AA0C-5961ECF8D88C}.ReleaseUWP|ARM.Deploy.0 = Release|Any CPU
		{24CE3C36-16B9-426D-AA0C-5961ECF8D88C}.ReleaseUWP|iPhone.ActiveCfg = Release|Any CPU
		{24CE3C36-16B9-426D-AA0C-5961ECF8D88C}.ReleaseUWP|iPhone.Build.0 = Release|Any CPU
		{24CE3C36-16B9-426D-AA0C-5961ECF8D88C}.ReleaseUWP|iPhone.Deploy.0 = Release|Any CPU
		{24CE3C36-16B9-426D-AA0C-5961ECF8D88C}.ReleaseUWP|iPhoneSimulator.ActiveCfg = Release|Any CPU
		{24CE3C36-16B9-426D-AA0C-5961ECF8D88C}.ReleaseUWP|iPhoneSimulator.Build.0 = Release|Any CPU
		{24CE3C36-16B9-426D-AA0C-5961ECF8D88C}.ReleaseUWP|iPhoneSimulator.Deploy.0 = Release|Any CPU
		{24CE3C36-16B9-426D-AA0C-5961ECF8D88C}.ReleaseUWP|x64.ActiveCfg = Release|Any CPU
		{24CE3C36-16B9-426D-AA0C-5961ECF8D88C}.ReleaseUWP|x64.Build.0 = Release|Any CPU
		{24CE3C36-16B9-426D-AA0C-5961ECF8D88C}.ReleaseUWP|x64.Deploy.0 = Release|Any CPU
		{24CE3C36-16B9-426D-AA0C-5961ECF8D88C}.ReleaseUWP|x86.ActiveCfg = Release|Any CPU
		{24CE3C36-16B9-426D-AA0C-5961ECF8D88C}.ReleaseUWP|x86.Build.0 = Release|Any CPU
		{24CE3C36-16B9-426D-AA0C-5961ECF8D88C}.ReleaseUWP|x86.Deploy.0 = Release|Any CPU
		{D3EDF4DB-E70C-47B9-92F9-866719DC80ED}.Debug|Any CPU.ActiveCfg = Debug|iPhoneSimulator
		{D3EDF4DB-E70C-47B9-92F9-866719DC80ED}.Debug|Any CPU.Build.0 = Debug|iPhoneSimulator
		{D3EDF4DB-E70C-47B9-92F9-866719DC80ED}.Debug|Any CPU.Deploy.0 = Debug|iPhoneSimulator
		{D3EDF4DB-E70C-47B9-92F9-866719DC80ED}.Debug|ARM.ActiveCfg = Debug|iPhone
		{D3EDF4DB-E70C-47B9-92F9-866719DC80ED}.Debug|ARM.Build.0 = Debug|iPhone
		{D3EDF4DB-E70C-47B9-92F9-866719DC80ED}.Debug|ARM.Deploy.0 = Debug|iPhone
		{D3EDF4DB-E70C-47B9-92F9-866719DC80ED}.Debug|iPhone.ActiveCfg = Debug|iPhone
		{D3EDF4DB-E70C-47B9-92F9-866719DC80ED}.Debug|iPhone.Build.0 = Debug|iPhone
		{D3EDF4DB-E70C-47B9-92F9-866719DC80ED}.Debug|iPhone.Deploy.0 = Debug|iPhone
		{D3EDF4DB-E70C-47B9-92F9-866719DC80ED}.Debug|iPhoneSimulator.ActiveCfg = Debug|iPhoneSimulator
		{D3EDF4DB-E70C-47B9-92F9-866719DC80ED}.Debug|iPhoneSimulator.Build.0 = Debug|iPhoneSimulator
		{D3EDF4DB-E70C-47B9-92F9-866719DC80ED}.Debug|iPhoneSimulator.Deploy.0 = Debug|iPhoneSimulator
		{D3EDF4DB-E70C-47B9-92F9-866719DC80ED}.Debug|x64.ActiveCfg = Debug|iPhone
		{D3EDF4DB-E70C-47B9-92F9-866719DC80ED}.Debug|x64.Build.0 = Debug|iPhone
		{D3EDF4DB-E70C-47B9-92F9-866719DC80ED}.Debug|x64.Deploy.0 = Debug|iPhone
		{D3EDF4DB-E70C-47B9-92F9-866719DC80ED}.Debug|x86.ActiveCfg = Debug|iPhone
		{D3EDF4DB-E70C-47B9-92F9-866719DC80ED}.Debug|x86.Build.0 = Debug|iPhone
		{D3EDF4DB-E70C-47B9-92F9-866719DC80ED}.Debug|x86.Deploy.0 = Debug|iPhone
		{D3EDF4DB-E70C-47B9-92F9-866719DC80ED}.Release|Any CPU.ActiveCfg = Release|iPhone
		{D3EDF4DB-E70C-47B9-92F9-866719DC80ED}.Release|Any CPU.Build.0 = Release|iPhone
		{D3EDF4DB-E70C-47B9-92F9-866719DC80ED}.Release|Any CPU.Deploy.0 = Release|iPhone
		{D3EDF4DB-E70C-47B9-92F9-866719DC80ED}.Release|ARM.ActiveCfg = Release|iPhone
		{D3EDF4DB-E70C-47B9-92F9-866719DC80ED}.Release|ARM.Build.0 = Release|iPhone
		{D3EDF4DB-E70C-47B9-92F9-866719DC80ED}.Release|ARM.Deploy.0 = Release|iPhone
		{D3EDF4DB-E70C-47B9-92F9-866719DC80ED}.Release|iPhone.ActiveCfg = Release|iPhone
		{D3EDF4DB-E70C-47B9-92F9-866719DC80ED}.Release|iPhone.Build.0 = Release|iPhone
		{D3EDF4DB-E70C-47B9-92F9-866719DC80ED}.Release|iPhone.Deploy.0 = Release|iPhone
		{D3EDF4DB-E70C-47B9-92F9-866719DC80ED}.Release|iPhoneSimulator.ActiveCfg = Release|iPhoneSimulator
		{D3EDF4DB-E70C-47B9-92F9-866719DC80ED}.Release|iPhoneSimulator.Build.0 = Release|iPhoneSimulator
		{D3EDF4DB-E70C-47B9-92F9-866719DC80ED}.Release|iPhoneSimulator.Deploy.0 = Release|iPhoneSimulator
		{D3EDF4DB-E70C-47B9-92F9-866719DC80ED}.Release|x64.ActiveCfg = Release|iPhone
		{D3EDF4DB-E70C-47B9-92F9-866719DC80ED}.Release|x64.Build.0 = Release|iPhone
		{D3EDF4DB-E70C-47B9-92F9-866719DC80ED}.Release|x64.Deploy.0 = Release|iPhone
		{D3EDF4DB-E70C-47B9-92F9-866719DC80ED}.Release|x86.ActiveCfg = Release|iPhone
		{D3EDF4DB-E70C-47B9-92F9-866719DC80ED}.Release|x86.Build.0 = Release|iPhone
		{D3EDF4DB-E70C-47B9-92F9-866719DC80ED}.Release|x86.Deploy.0 = Release|iPhone
		{D3EDF4DB-E70C-47B9-92F9-866719DC80ED}.ReleaseUWP|Any CPU.ActiveCfg = Release|iPhoneSimulator
		{D3EDF4DB-E70C-47B9-92F9-866719DC80ED}.ReleaseUWP|Any CPU.Build.0 = Release|iPhoneSimulator
		{D3EDF4DB-E70C-47B9-92F9-866719DC80ED}.ReleaseUWP|ARM.ActiveCfg = Release|iPhoneSimulator
		{D3EDF4DB-E70C-47B9-92F9-866719DC80ED}.ReleaseUWP|ARM.Build.0 = Release|iPhoneSimulator
		{D3EDF4DB-E70C-47B9-92F9-866719DC80ED}.ReleaseUWP|iPhone.ActiveCfg = Release|iPhone
		{D3EDF4DB-E70C-47B9-92F9-866719DC80ED}.ReleaseUWP|iPhone.Build.0 = Release|iPhone
		{D3EDF4DB-E70C-47B9-92F9-866719DC80ED}.ReleaseUWP|iPhoneSimulator.ActiveCfg = Release|iPhoneSimulator
		{D3EDF4DB-E70C-47B9-92F9-866719DC80ED}.ReleaseUWP|iPhoneSimulator.Build.0 = Release|iPhoneSimulator
		{D3EDF4DB-E70C-47B9-92F9-866719DC80ED}.ReleaseUWP|x64.ActiveCfg = Release|iPhoneSimulator
		{D3EDF4DB-E70C-47B9-92F9-866719DC80ED}.ReleaseUWP|x64.Build.0 = Release|iPhoneSimulator
		{D3EDF4DB-E70C-47B9-92F9-866719DC80ED}.ReleaseUWP|x86.ActiveCfg = Release|iPhoneSimulator
		{D3EDF4DB-E70C-47B9-92F9-866719DC80ED}.ReleaseUWP|x86.Build.0 = Release|iPhoneSimulator
		{DD174755-968B-46B6-84DB-E8E1BF6E9911}.Debug|Any CPU.ActiveCfg = Debug|x86
		{DD174755-968B-46B6-84DB-E8E1BF6E9911}.Debug|Any CPU.Build.0 = Debug|x86
		{DD174755-968B-46B6-84DB-E8E1BF6E9911}.Debug|Any CPU.Deploy.0 = Debug|x86
		{DD174755-968B-46B6-84DB-E8E1BF6E9911}.Debug|ARM.ActiveCfg = Debug|ARM
		{DD174755-968B-46B6-84DB-E8E1BF6E9911}.Debug|ARM.Build.0 = Debug|ARM
		{DD174755-968B-46B6-84DB-E8E1BF6E9911}.Debug|ARM.Deploy.0 = Debug|ARM
		{DD174755-968B-46B6-84DB-E8E1BF6E9911}.Debug|iPhone.ActiveCfg = Debug|x86
		{DD174755-968B-46B6-84DB-E8E1BF6E9911}.Debug|iPhone.Build.0 = Debug|x86
		{DD174755-968B-46B6-84DB-E8E1BF6E9911}.Debug|iPhone.Deploy.0 = Debug|x86
		{DD174755-968B-46B6-84DB-E8E1BF6E9911}.Debug|iPhoneSimulator.ActiveCfg = Debug|x86
		{DD174755-968B-46B6-84DB-E8E1BF6E9911}.Debug|iPhoneSimulator.Build.0 = Debug|x86
		{DD174755-968B-46B6-84DB-E8E1BF6E9911}.Debug|iPhoneSimulator.Deploy.0 = Debug|x86
		{DD174755-968B-46B6-84DB-E8E1BF6E9911}.Debug|x64.ActiveCfg = Debug|x64
		{DD174755-968B-46B6-84DB-E8E1BF6E9911}.Debug|x64.Build.0 = Debug|x64
		{DD174755-968B-46B6-84DB-E8E1BF6E9911}.Debug|x64.Deploy.0 = Debug|x64
		{DD174755-968B-46B6-84DB-E8E1BF6E9911}.Debug|x86.ActiveCfg = Debug|x86
		{DD174755-968B-46B6-84DB-E8E1BF6E9911}.Debug|x86.Build.0 = Debug|x86
		{DD174755-968B-46B6-84DB-E8E1BF6E9911}.Debug|x86.Deploy.0 = Debug|x86
		{DD174755-968B-46B6-84DB-E8E1BF6E9911}.Release|Any CPU.ActiveCfg = Release|x86
		{DD174755-968B-46B6-84DB-E8E1BF6E9911}.Release|Any CPU.Build.0 = Release|x86
		{DD174755-968B-46B6-84DB-E8E1BF6E9911}.Release|Any CPU.Deploy.0 = Release|x86
		{DD174755-968B-46B6-84DB-E8E1BF6E9911}.Release|ARM.ActiveCfg = Release|ARM
		{DD174755-968B-46B6-84DB-E8E1BF6E9911}.Release|ARM.Build.0 = Release|ARM
		{DD174755-968B-46B6-84DB-E8E1BF6E9911}.Release|ARM.Deploy.0 = Release|ARM
		{DD174755-968B-46B6-84DB-E8E1BF6E9911}.Release|iPhone.ActiveCfg = Release|x86
		{DD174755-968B-46B6-84DB-E8E1BF6E9911}.Release|iPhone.Build.0 = Release|x86
		{DD174755-968B-46B6-84DB-E8E1BF6E9911}.Release|iPhone.Deploy.0 = Release|x86
		{DD174755-968B-46B6-84DB-E8E1BF6E9911}.Release|iPhoneSimulator.ActiveCfg = Release|x86
		{DD174755-968B-46B6-84DB-E8E1BF6E9911}.Release|iPhoneSimulator.Build.0 = Release|x86
		{DD174755-968B-46B6-84DB-E8E1BF6E9911}.Release|iPhoneSimulator.Deploy.0 = Release|x86
		{DD174755-968B-46B6-84DB-E8E1BF6E9911}.Release|x64.ActiveCfg = Release|x64
		{DD174755-968B-46B6-84DB-E8E1BF6E9911}.Release|x64.Build.0 = Release|x64
		{DD174755-968B-46B6-84DB-E8E1BF6E9911}.Release|x64.Deploy.0 = Release|x64
		{DD174755-968B-46B6-84DB-E8E1BF6E9911}.Release|x86.ActiveCfg = Release|x86
		{DD174755-968B-46B6-84DB-E8E1BF6E9911}.Release|x86.Build.0 = Release|x86
		{DD174755-968B-46B6-84DB-E8E1BF6E9911}.Release|x86.Deploy.0 = Release|x86
		{DD174755-968B-46B6-84DB-E8E1BF6E9911}.ReleaseUWP|Any CPU.ActiveCfg = Release|x64
		{DD174755-968B-46B6-84DB-E8E1BF6E9911}.ReleaseUWP|Any CPU.Build.0 = Release|x64
		{DD174755-968B-46B6-84DB-E8E1BF6E9911}.ReleaseUWP|Any CPU.Deploy.0 = Release|x64
		{DD174755-968B-46B6-84DB-E8E1BF6E9911}.ReleaseUWP|ARM.ActiveCfg = Release|ARM
		{DD174755-968B-46B6-84DB-E8E1BF6E9911}.ReleaseUWP|ARM.Build.0 = Release|ARM
		{DD174755-968B-46B6-84DB-E8E1BF6E9911}.ReleaseUWP|ARM.Deploy.0 = Release|ARM
		{DD174755-968B-46B6-84DB-E8E1BF6E9911}.ReleaseUWP|iPhone.ActiveCfg = Release|x64
		{DD174755-968B-46B6-84DB-E8E1BF6E9911}.ReleaseUWP|iPhone.Build.0 = Release|x64
		{DD174755-968B-46B6-84DB-E8E1BF6E9911}.ReleaseUWP|iPhone.Deploy.0 = Release|x64
		{DD174755-968B-46B6-84DB-E8E1BF6E9911}.ReleaseUWP|iPhoneSimulator.ActiveCfg = Release|x64
		{DD174755-968B-46B6-84DB-E8E1BF6E9911}.ReleaseUWP|iPhoneSimulator.Build.0 = Release|x64
		{DD174755-968B-46B6-84DB-E8E1BF6E9911}.ReleaseUWP|iPhoneSimulator.Deploy.0 = Release|x64
		{DD174755-968B-46B6-84DB-E8E1BF6E9911}.ReleaseUWP|x64.ActiveCfg = Release|x64
		{DD174755-968B-46B6-84DB-E8E1BF6E9911}.ReleaseUWP|x64.Build.0 = Release|x64
		{DD174755-968B-46B6-84DB-E8E1BF6E9911}.ReleaseUWP|x64.Deploy.0 = Release|x64
		{DD174755-968B-46B6-84DB-E8E1BF6E9911}.ReleaseUWP|x86.ActiveCfg = Release|x86
		{DD174755-968B-46B6-84DB-E8E1BF6E9911}.ReleaseUWP|x86.Build.0 = Release|x86
		{DD174755-968B-46B6-84DB-E8E1BF6E9911}.ReleaseUWP|x86.Deploy.0 = Release|x86
		{16F5DA39-B6E0-4573-AA10-88498076CED5}.Debug|Any CPU.ActiveCfg = Debug|Any CPU
		{16F5DA39-B6E0-4573-AA10-88498076CED5}.Debug|Any CPU.Build.0 = Debug|Any CPU
		{16F5DA39-B6E0-4573-AA10-88498076CED5}.Debug|Any CPU.Deploy.0 = Debug|Any CPU
		{16F5DA39-B6E0-4573-AA10-88498076CED5}.Debug|ARM.ActiveCfg = Debug|Any CPU
		{16F5DA39-B6E0-4573-AA10-88498076CED5}.Debug|ARM.Build.0 = Debug|Any CPU
		{16F5DA39-B6E0-4573-AA10-88498076CED5}.Debug|ARM.Deploy.0 = Debug|Any CPU
		{16F5DA39-B6E0-4573-AA10-88498076CED5}.Debug|iPhone.ActiveCfg = Debug|Any CPU
		{16F5DA39-B6E0-4573-AA10-88498076CED5}.Debug|iPhone.Build.0 = Debug|Any CPU
		{16F5DA39-B6E0-4573-AA10-88498076CED5}.Debug|iPhone.Deploy.0 = Debug|Any CPU
		{16F5DA39-B6E0-4573-AA10-88498076CED5}.Debug|iPhoneSimulator.ActiveCfg = Debug|Any CPU
		{16F5DA39-B6E0-4573-AA10-88498076CED5}.Debug|iPhoneSimulator.Build.0 = Debug|Any CPU
		{16F5DA39-B6E0-4573-AA10-88498076CED5}.Debug|iPhoneSimulator.Deploy.0 = Debug|Any CPU
		{16F5DA39-B6E0-4573-AA10-88498076CED5}.Debug|x64.ActiveCfg = Debug|Any CPU
		{16F5DA39-B6E0-4573-AA10-88498076CED5}.Debug|x64.Build.0 = Debug|Any CPU
		{16F5DA39-B6E0-4573-AA10-88498076CED5}.Debug|x64.Deploy.0 = Debug|Any CPU
		{16F5DA39-B6E0-4573-AA10-88498076CED5}.Debug|x86.ActiveCfg = Debug|Any CPU
		{16F5DA39-B6E0-4573-AA10-88498076CED5}.Debug|x86.Build.0 = Debug|Any CPU
		{16F5DA39-B6E0-4573-AA10-88498076CED5}.Debug|x86.Deploy.0 = Debug|Any CPU
		{16F5DA39-B6E0-4573-AA10-88498076CED5}.Release|Any CPU.ActiveCfg = Release|Any CPU
		{16F5DA39-B6E0-4573-AA10-88498076CED5}.Release|Any CPU.Build.0 = Release|Any CPU
		{16F5DA39-B6E0-4573-AA10-88498076CED5}.Release|Any CPU.Deploy.0 = Release|Any CPU
		{16F5DA39-B6E0-4573-AA10-88498076CED5}.Release|ARM.ActiveCfg = Release|Any CPU
		{16F5DA39-B6E0-4573-AA10-88498076CED5}.Release|ARM.Build.0 = Release|Any CPU
		{16F5DA39-B6E0-4573-AA10-88498076CED5}.Release|ARM.Deploy.0 = Release|Any CPU
		{16F5DA39-B6E0-4573-AA10-88498076CED5}.Release|iPhone.ActiveCfg = Release|Any CPU
		{16F5DA39-B6E0-4573-AA10-88498076CED5}.Release|iPhone.Build.0 = Release|Any CPU
		{16F5DA39-B6E0-4573-AA10-88498076CED5}.Release|iPhone.Deploy.0 = Release|Any CPU
		{16F5DA39-B6E0-4573-AA10-88498076CED5}.Release|iPhoneSimulator.ActiveCfg = Release|Any CPU
		{16F5DA39-B6E0-4573-AA10-88498076CED5}.Release|iPhoneSimulator.Build.0 = Release|Any CPU
		{16F5DA39-B6E0-4573-AA10-88498076CED5}.Release|iPhoneSimulator.Deploy.0 = Release|Any CPU
		{16F5DA39-B6E0-4573-AA10-88498076CED5}.Release|x64.ActiveCfg = Release|Any CPU
		{16F5DA39-B6E0-4573-AA10-88498076CED5}.Release|x64.Build.0 = Release|Any CPU
		{16F5DA39-B6E0-4573-AA10-88498076CED5}.Release|x64.Deploy.0 = Release|Any CPU
		{16F5DA39-B6E0-4573-AA10-88498076CED5}.Release|x86.ActiveCfg = Release|Any CPU
		{16F5DA39-B6E0-4573-AA10-88498076CED5}.Release|x86.Build.0 = Release|Any CPU
		{16F5DA39-B6E0-4573-AA10-88498076CED5}.Release|x86.Deploy.0 = Release|Any CPU
		{16F5DA39-B6E0-4573-AA10-88498076CED5}.ReleaseUWP|Any CPU.ActiveCfg = Release|Any CPU
		{16F5DA39-B6E0-4573-AA10-88498076CED5}.ReleaseUWP|Any CPU.Build.0 = Release|Any CPU
		{16F5DA39-B6E0-4573-AA10-88498076CED5}.ReleaseUWP|ARM.ActiveCfg = Release|Any CPU
		{16F5DA39-B6E0-4573-AA10-88498076CED5}.ReleaseUWP|ARM.Build.0 = Release|Any CPU
		{16F5DA39-B6E0-4573-AA10-88498076CED5}.ReleaseUWP|iPhone.ActiveCfg = Release|Any CPU
		{16F5DA39-B6E0-4573-AA10-88498076CED5}.ReleaseUWP|iPhone.Build.0 = Release|Any CPU
		{16F5DA39-B6E0-4573-AA10-88498076CED5}.ReleaseUWP|iPhoneSimulator.ActiveCfg = Release|Any CPU
		{16F5DA39-B6E0-4573-AA10-88498076CED5}.ReleaseUWP|iPhoneSimulator.Build.0 = Release|Any CPU
		{16F5DA39-B6E0-4573-AA10-88498076CED5}.ReleaseUWP|x64.ActiveCfg = Release|Any CPU
		{16F5DA39-B6E0-4573-AA10-88498076CED5}.ReleaseUWP|x64.Build.0 = Release|Any CPU
		{16F5DA39-B6E0-4573-AA10-88498076CED5}.ReleaseUWP|x86.ActiveCfg = Release|Any CPU
		{16F5DA39-B6E0-4573-AA10-88498076CED5}.ReleaseUWP|x86.Build.0 = Release|Any CPU
	EndGlobalSection
	GlobalSection(SolutionProperties) = preSolution
		HideSolutionNode = FALSE
	EndGlobalSection
	GlobalSection(ExtensibilityGlobals) = postSolution
		SolutionGuid = {960CF9E6-B015-456B-9FD0-8E7F5876DDF7}
	EndGlobalSection
EndGlobal
